
Microsoft Visual Studio Solution File, Format Version 12.00
# Visual Studio 14
VisualStudioVersion = 14.0.25420.1
MinimumVisualStudioVersion = 10.0.40219.1
Project("{FAE04EC0-301F-11D3-BF4B-00C04F79EFBC}") = "PA-1", "PA-1\PA-1.csproj", "{4DA4B2F9-4CC4-4CDB-9E60-7BE34B3CEA09}"
EndProject
Project("{F088123C-0E9E-452A-89E6-6BA2F21D5CAC}") = "ModelingProject1", "ModelingProject1\ModelingProject1.modelproj", "{F9DF688D-EDB0-4DC1-8923-364A937966FB}"
EndProject
Global
	GlobalSection(SolutionConfigurationPlatforms) = preSolution
		Debug|Any CPU = Debug|Any CPU
		Release|Any CPU = Release|Any CPU
	EndGlobalSection
	GlobalSection(ProjectConfigurationPlatforms) = postSolution
		{4DA4B2F9-4CC4-4CDB-9E60-7BE34B3CEA09}.Debug|Any CPU.ActiveCfg = Debug|Any CPU
		{4DA4B2F9-4CC4-4CDB-9E60-7BE34B3CEA09}.Debug|Any CPU.Build.0 = Debug|Any CPU
		{4DA4B2F9-4CC4-4CDB-9E60-7BE34B3CEA09}.Release|Any CPU.ActiveCfg = Release|Any CPU
		{4DA4B2F9-4CC4-4CDB-9E60-7BE34B3CEA09}.Release|Any CPU.Build.0 = Release|Any CPU
		{F9DF688D-EDB0-4DC1-8923-364A937966FB}.Debug|Any CPU.ActiveCfg = Debug|Any CPU
		{F9DF688D-EDB0-4DC1-8923-364A937966FB}.Debug|Any CPU.Build.0 = Debug|Any CPU
		{F9DF688D-EDB0-4DC1-8923-364A937966FB}.Release|Any CPU.ActiveCfg = Release|Any CPU
		{F9DF688D-EDB0-4DC1-8923-364A937966FB}.Release|Any CPU.Build.0 = Release|Any CPU
	EndGlobalSection
	GlobalSection(SolutionProperties) = preSolution
		HideSolutionNode = FALSE
	EndGlobalSection
EndGlobal
